// !$*UTF8*$!
{
	archiveVersion = 1;
	classes = {
	};
	objectVersion = 55;
	objects = {

/* Begin PBXBuildFile section */
		C01A2AE229C38B690091D5E8 /* AttributedLabel.swift in Sources */ = {isa = PBXBuildFile; fileRef = C01A2AE129C38B690091D5E8 /* AttributedLabel.swift */; };
		C01A2B0829C477600091D5E8 /* MeterialTextForm.swift in Sources */ = {isa = PBXBuildFile; fileRef = C01A2B0729C477600091D5E8 /* MeterialTextForm.swift */; };
		C055E266274BA0C400DABBE4 /* SamplingSwiftUIApp.swift in Sources */ = {isa = PBXBuildFile; fileRef = C055E265274BA0C400DABBE4 /* SamplingSwiftUIApp.swift */; };
		C055E268274BA0C400DABBE4 /* AllSamplesView.swift in Sources */ = {isa = PBXBuildFile; fileRef = C055E267274BA0C400DABBE4 /* AllSamplesView.swift */; };
		C055E26A274BA0C800DABBE4 /* Assets.xcassets in Resources */ = {isa = PBXBuildFile; fileRef = C055E269274BA0C800DABBE4 /* Assets.xcassets */; };
		C055E26D274BA0C800DABBE4 /* Preview Assets.xcassets in Resources */ = {isa = PBXBuildFile; fileRef = C055E26C274BA0C800DABBE4 /* Preview Assets.xcassets */; };
		C055E277274BA0C800DABBE4 /* SamplingSwiftUITests.swift in Sources */ = {isa = PBXBuildFile; fileRef = C055E276274BA0C800DABBE4 /* SamplingSwiftUITests.swift */; };
		C055E281274BA0C800DABBE4 /* SamplingSwiftUIUITests.swift in Sources */ = {isa = PBXBuildFile; fileRef = C055E280274BA0C800DABBE4 /* SamplingSwiftUIUITests.swift */; };
		C055E283274BA0C800DABBE4 /* SamplingSwiftUIUITestsLaunchTests.swift in Sources */ = {isa = PBXBuildFile; fileRef = C055E282274BA0C800DABBE4 /* SamplingSwiftUIUITestsLaunchTests.swift */; };
		C055E290274BA0FD00DABBE4 /* PLTripRefreshableView.swift in Sources */ = {isa = PBXBuildFile; fileRef = C055E28F274BA0FD00DABBE4 /* PLTripRefreshableView.swift */; };
		C055E29E274BC85500DABBE4 /* PLTripListView.swift in Sources */ = {isa = PBXBuildFile; fileRef = C055E29D274BC85500DABBE4 /* PLTripListView.swift */; };
		C079C2DA29A106320010C206 /* FloatingButtonScrollView.swift in Sources */ = {isa = PBXBuildFile; fileRef = C079C2D929A106320010C206 /* FloatingButtonScrollView.swift */; };
		C0848CCA29F263DD00B5FBFF /* MDToken.swift in Sources */ = {isa = PBXBuildFile; fileRef = C0848CC929F263DD00B5FBFF /* MDToken.swift */; };
		C0848D0129F55F4900B5FBFF /* InjectableTextView.swift in Sources */ = {isa = PBXBuildFile; fileRef = C0848D0029F55F4900B5FBFF /* InjectableTextView.swift */; };
		C0848D0429F55F6800B5FBFF /* InjectableTextViewModel.swift in Sources */ = {isa = PBXBuildFile; fileRef = C0848D0329F55F6800B5FBFF /* InjectableTextViewModel.swift */; };
		C0890BF129F1477B00C006F9 /* MDParseable.swift in Sources */ = {isa = PBXBuildFile; fileRef = C0890BF029F1477B00C006F9 /* MDParseable.swift */; };
		C0890C1529F15DA100C006F9 /* MDParsingTests.swift in Sources */ = {isa = PBXBuildFile; fileRef = C0890C1429F15DA100C006F9 /* MDParsingTests.swift */; };
		C094A1F3296F271200B1876B /* SwitchRowView.swift in Sources */ = {isa = PBXBuildFile; fileRef = C094A1F2296F271200B1876B /* SwitchRowView.swift */; };
		C0A66B0629800B7900C9A497 /* MaterialTextField.swift in Sources */ = {isa = PBXBuildFile; fileRef = C0A66B0529800B7900C9A497 /* MaterialTextField.swift */; };
		C0A66BB22982C6A900C9A497 /* MaterialTextFieldViewModel.swift in Sources */ = {isa = PBXBuildFile; fileRef = C0A66BB12982C6A900C9A497 /* MaterialTextFieldViewModel.swift */; };
		C0B64048299E71B2005E86D8 /* FloatingBookButton.swift in Sources */ = {isa = PBXBuildFile; fileRef = C0B64047299E71B2005E86D8 /* FloatingBookButton.swift */; };
		C0B6406D299F5B0F005E86D8 /* ColorUtil.swift in Sources */ = {isa = PBXBuildFile; fileRef = C0B6406C299F5B0F005E86D8 /* ColorUtil.swift */; };
		C0B6406F299F7F2E005E86D8 /* FloatingScrollModifier.swift in Sources */ = {isa = PBXBuildFile; fileRef = C0B6406E299F7F2E005E86D8 /* FloatingScrollModifier.swift */; };
		C0B6409F299FB609005E86D8 /* CoordinateSpaceFrameProvider.swift in Sources */ = {isa = PBXBuildFile; fileRef = C0B6409E299FB609005E86D8 /* CoordinateSpaceFrameProvider.swift */; };
		C0CF897F299D576A00B6B668 /* ScrollTrial.swift in Sources */ = {isa = PBXBuildFile; fileRef = C0CF897E299D576A00B6B668 /* ScrollTrial.swift */; };
		C0E7B6CE2948826300FC19C3 /* DetailView.swift in Sources */ = {isa = PBXBuildFile; fileRef = C0E7B6CD2948826300FC19C3 /* DetailView.swift */; };
		C0E7B6D02948848900FC19C3 /* TrialItem.swift in Sources */ = {isa = PBXBuildFile; fileRef = C0E7B6CF2948848900FC19C3 /* TrialItem.swift */; };
		C0E7B6D52949898B00FC19C3 /* GesturesUIKit.swift in Sources */ = {isa = PBXBuildFile; fileRef = C0E7B6D42949898B00FC19C3 /* GesturesUIKit.swift */; };
		C0E7B6D729498C4E00FC19C3 /* GestureRepresentableVC.swift in Sources */ = {isa = PBXBuildFile; fileRef = C0E7B6D629498C4E00FC19C3 /* GestureRepresentableVC.swift */; };
/* End PBXBuildFile section */

/* Begin PBXContainerItemProxy section */
		C055E273274BA0C800DABBE4 /* PBXContainerItemProxy */ = {
			isa = PBXContainerItemProxy;
			containerPortal = C055E25A274BA0C400DABBE4 /* Project object */;
			proxyType = 1;
			remoteGlobalIDString = C055E261274BA0C400DABBE4;
			remoteInfo = SamplingSwiftUI;
		};
		C055E27D274BA0C800DABBE4 /* PBXContainerItemProxy */ = {
			isa = PBXContainerItemProxy;
			containerPortal = C055E25A274BA0C400DABBE4 /* Project object */;
			proxyType = 1;
			remoteGlobalIDString = C055E261274BA0C400DABBE4;
			remoteInfo = SamplingSwiftUI;
		};
/* End PBXContainerItemProxy section */

/* Begin PBXFileReference section */
		C01A2AE129C38B690091D5E8 /* AttributedLabel.swift */ = {isa = PBXFileReference; lastKnownFileType = sourcecode.swift; path = AttributedLabel.swift; sourceTree = "<group>"; };
		C01A2B0729C477600091D5E8 /* MeterialTextForm.swift */ = {isa = PBXFileReference; lastKnownFileType = sourcecode.swift; path = MeterialTextForm.swift; sourceTree = "<group>"; };
		C055E262274BA0C400DABBE4 /* SamplingSwiftUI.app */ = {isa = PBXFileReference; explicitFileType = wrapper.application; includeInIndex = 0; path = SamplingSwiftUI.app; sourceTree = BUILT_PRODUCTS_DIR; };
		C055E265274BA0C400DABBE4 /* SamplingSwiftUIApp.swift */ = {isa = PBXFileReference; lastKnownFileType = sourcecode.swift; path = SamplingSwiftUIApp.swift; sourceTree = "<group>"; };
		C055E267274BA0C400DABBE4 /* AllSamplesView.swift */ = {isa = PBXFileReference; lastKnownFileType = sourcecode.swift; path = AllSamplesView.swift; sourceTree = "<group>"; };
		C055E269274BA0C800DABBE4 /* Assets.xcassets */ = {isa = PBXFileReference; lastKnownFileType = folder.assetcatalog; path = Assets.xcassets; sourceTree = "<group>"; };
		C055E26C274BA0C800DABBE4 /* Preview Assets.xcassets */ = {isa = PBXFileReference; lastKnownFileType = folder.assetcatalog; path = "Preview Assets.xcassets"; sourceTree = "<group>"; };
		C055E272274BA0C800DABBE4 /* SamplingSwiftUITests.xctest */ = {isa = PBXFileReference; explicitFileType = wrapper.cfbundle; includeInIndex = 0; path = SamplingSwiftUITests.xctest; sourceTree = BUILT_PRODUCTS_DIR; };
		C055E276274BA0C800DABBE4 /* SamplingSwiftUITests.swift */ = {isa = PBXFileReference; lastKnownFileType = sourcecode.swift; path = SamplingSwiftUITests.swift; sourceTree = "<group>"; };
		C055E27C274BA0C800DABBE4 /* SamplingSwiftUIUITests.xctest */ = {isa = PBXFileReference; explicitFileType = wrapper.cfbundle; includeInIndex = 0; path = SamplingSwiftUIUITests.xctest; sourceTree = BUILT_PRODUCTS_DIR; };
		C055E280274BA0C800DABBE4 /* SamplingSwiftUIUITests.swift */ = {isa = PBXFileReference; lastKnownFileType = sourcecode.swift; path = SamplingSwiftUIUITests.swift; sourceTree = "<group>"; };
		C055E282274BA0C800DABBE4 /* SamplingSwiftUIUITestsLaunchTests.swift */ = {isa = PBXFileReference; lastKnownFileType = sourcecode.swift; path = SamplingSwiftUIUITestsLaunchTests.swift; sourceTree = "<group>"; };
		C055E28F274BA0FD00DABBE4 /* PLTripRefreshableView.swift */ = {isa = PBXFileReference; lastKnownFileType = sourcecode.swift; path = PLTripRefreshableView.swift; sourceTree = "<group>"; };
		C055E29D274BC85500DABBE4 /* PLTripListView.swift */ = {isa = PBXFileReference; lastKnownFileType = sourcecode.swift; path = PLTripListView.swift; sourceTree = "<group>"; };
		C079C2D929A106320010C206 /* FloatingButtonScrollView.swift */ = {isa = PBXFileReference; lastKnownFileType = sourcecode.swift; path = FloatingButtonScrollView.swift; sourceTree = "<group>"; };
		C0848CC929F263DD00B5FBFF /* MDToken.swift */ = {isa = PBXFileReference; lastKnownFileType = sourcecode.swift; path = MDToken.swift; sourceTree = "<group>"; };
		C0848D0029F55F4900B5FBFF /* InjectableTextView.swift */ = {isa = PBXFileReference; lastKnownFileType = sourcecode.swift; path = InjectableTextView.swift; sourceTree = "<group>"; };
		C0848D0329F55F6800B5FBFF /* InjectableTextViewModel.swift */ = {isa = PBXFileReference; lastKnownFileType = sourcecode.swift; path = InjectableTextViewModel.swift; sourceTree = "<group>"; };
		C0890BF029F1477B00C006F9 /* MDParseable.swift */ = {isa = PBXFileReference; lastKnownFileType = sourcecode.swift; path = MDParseable.swift; sourceTree = "<group>"; };
		C0890C1429F15DA100C006F9 /* MDParsingTests.swift */ = {isa = PBXFileReference; lastKnownFileType = sourcecode.swift; path = MDParsingTests.swift; sourceTree = "<group>"; };
		C094A1F2296F271200B1876B /* SwitchRowView.swift */ = {isa = PBXFileReference; lastKnownFileType = sourcecode.swift; path = SwitchRowView.swift; sourceTree = "<group>"; };
		C0A66B0529800B7900C9A497 /* MaterialTextField.swift */ = {isa = PBXFileReference; lastKnownFileType = sourcecode.swift; path = MaterialTextField.swift; sourceTree = "<group>"; };
		C0A66BB12982C6A900C9A497 /* MaterialTextFieldViewModel.swift */ = {isa = PBXFileReference; lastKnownFileType = sourcecode.swift; path = MaterialTextFieldViewModel.swift; sourceTree = "<group>"; };
		C0B64047299E71B2005E86D8 /* FloatingBookButton.swift */ = {isa = PBXFileReference; lastKnownFileType = sourcecode.swift; path = FloatingBookButton.swift; sourceTree = "<group>"; };
		C0B6406C299F5B0F005E86D8 /* ColorUtil.swift */ = {isa = PBXFileReference; lastKnownFileType = sourcecode.swift; path = ColorUtil.swift; sourceTree = "<group>"; };
		C0B6406E299F7F2E005E86D8 /* FloatingScrollModifier.swift */ = {isa = PBXFileReference; lastKnownFileType = sourcecode.swift; path = FloatingScrollModifier.swift; sourceTree = "<group>"; };
		C0B6409E299FB609005E86D8 /* CoordinateSpaceFrameProvider.swift */ = {isa = PBXFileReference; lastKnownFileType = sourcecode.swift; path = CoordinateSpaceFrameProvider.swift; sourceTree = "<group>"; };
		C0CF897E299D576A00B6B668 /* ScrollTrial.swift */ = {isa = PBXFileReference; lastKnownFileType = sourcecode.swift; path = ScrollTrial.swift; sourceTree = "<group>"; };
		C0E7B6CD2948826300FC19C3 /* DetailView.swift */ = {isa = PBXFileReference; lastKnownFileType = sourcecode.swift; path = DetailView.swift; sourceTree = "<group>"; };
		C0E7B6CF2948848900FC19C3 /* TrialItem.swift */ = {isa = PBXFileReference; lastKnownFileType = sourcecode.swift; path = TrialItem.swift; sourceTree = "<group>"; };
		C0E7B6D42949898B00FC19C3 /* GesturesUIKit.swift */ = {isa = PBXFileReference; lastKnownFileType = sourcecode.swift; path = GesturesUIKit.swift; sourceTree = "<group>"; };
		C0E7B6D629498C4E00FC19C3 /* GestureRepresentableVC.swift */ = {isa = PBXFileReference; lastKnownFileType = sourcecode.swift; path = GestureRepresentableVC.swift; sourceTree = "<group>"; };
/* End PBXFileReference section */

/* Begin PBXFrameworksBuildPhase section */
		C055E25F274BA0C400DABBE4 /* Frameworks */ = {
			isa = PBXFrameworksBuildPhase;
			buildActionMask = 2147483647;
			files = (
			);
			runOnlyForDeploymentPostprocessing = 0;
		};
		C055E26F274BA0C800DABBE4 /* Frameworks */ = {
			isa = PBXFrameworksBuildPhase;
			buildActionMask = 2147483647;
			files = (
			);
			runOnlyForDeploymentPostprocessing = 0;
		};
		C055E279274BA0C800DABBE4 /* Frameworks */ = {
			isa = PBXFrameworksBuildPhase;
			buildActionMask = 2147483647;
			files = (
			);
			runOnlyForDeploymentPostprocessing = 0;
		};
/* End PBXFrameworksBuildPhase section */

/* Begin PBXGroup section */
		C01A2AE029C38B4F0091D5E8 /* AttributedLabel */ = {
			isa = PBXGroup;
			children = (
				C01A2AE129C38B690091D5E8 /* AttributedLabel.swift */,
				C0890BF029F1477B00C006F9 /* MDParseable.swift */,
				C0848CC929F263DD00B5FBFF /* MDToken.swift */,
			);
			path = AttributedLabel;
			sourceTree = "<group>";
		};
		C055E259274BA0C400DABBE4 = {
			isa = PBXGroup;
			children = (
				C055E264274BA0C400DABBE4 /* SamplingSwiftUI */,
				C055E275274BA0C800DABBE4 /* SamplingSwiftUITests */,
				C055E27F274BA0C800DABBE4 /* SamplingSwiftUIUITests */,
				C055E263274BA0C400DABBE4 /* Products */,
			);
			sourceTree = "<group>";
		};
		C055E263274BA0C400DABBE4 /* Products */ = {
			isa = PBXGroup;
			children = (
				C055E262274BA0C400DABBE4 /* SamplingSwiftUI.app */,
				C055E272274BA0C800DABBE4 /* SamplingSwiftUITests.xctest */,
				C055E27C274BA0C800DABBE4 /* SamplingSwiftUIUITests.xctest */,
			);
			name = Products;
			sourceTree = "<group>";
		};
		C055E264274BA0C400DABBE4 /* SamplingSwiftUI */ = {
			isa = PBXGroup;
			children = (
				C055E265274BA0C400DABBE4 /* SamplingSwiftUIApp.swift */,
				C0E7B6CF2948848900FC19C3 /* TrialItem.swift */,
				C055E267274BA0C400DABBE4 /* AllSamplesView.swift */,
				C0E7B6CD2948826300FC19C3 /* DetailView.swift */,
				C094A1F2296F271200B1876B /* SwitchRowView.swift */,
				C0848D0229F55F5500B5FBFF /* InjectbleTextView */,
				C01A2AE029C38B4F0091D5E8 /* AttributedLabel */,
				C0B64049299E71B9005E86D8 /* ScrollFloater */,
				C0A66BB32982C6B000C9A497 /* MaterialTextField */,
				C0E7B6D32949896C00FC19C3 /* Gesture */,
				C0E7B6D2294884B500FC19C3 /* RefreshControlList */,
				C055E269274BA0C800DABBE4 /* Assets.xcassets */,
				C055E26B274BA0C800DABBE4 /* Preview Content */,
				C0B6406C299F5B0F005E86D8 /* ColorUtil.swift */,
				C0B6409E299FB609005E86D8 /* CoordinateSpaceFrameProvider.swift */,
			);
			path = SamplingSwiftUI;
			sourceTree = "<group>";
		};
		C055E26B274BA0C800DABBE4 /* Preview Content */ = {
			isa = PBXGroup;
			children = (
				C055E26C274BA0C800DABBE4 /* Preview Assets.xcassets */,
			);
			path = "Preview Content";
			sourceTree = "<group>";
		};
		C055E275274BA0C800DABBE4 /* SamplingSwiftUITests */ = {
			isa = PBXGroup;
			children = (
				C055E276274BA0C800DABBE4 /* SamplingSwiftUITests.swift */,
				C0890C1429F15DA100C006F9 /* MDParsingTests.swift */,
			);
			path = SamplingSwiftUITests;
			sourceTree = "<group>";
		};
		C055E27F274BA0C800DABBE4 /* SamplingSwiftUIUITests */ = {
			isa = PBXGroup;
			children = (
				C055E280274BA0C800DABBE4 /* SamplingSwiftUIUITests.swift */,
				C055E282274BA0C800DABBE4 /* SamplingSwiftUIUITestsLaunchTests.swift */,
			);
			path = SamplingSwiftUIUITests;
			sourceTree = "<group>";
		};
		C0848D0229F55F5500B5FBFF /* InjectbleTextView */ = {
			isa = PBXGroup;
			children = (
				C0848D0029F55F4900B5FBFF /* InjectableTextView.swift */,
				C0848D0329F55F6800B5FBFF /* InjectableTextViewModel.swift */,
			);
			path = InjectbleTextView;
			sourceTree = "<group>";
		};
		C0A66BB32982C6B000C9A497 /* MaterialTextField */ = {
			isa = PBXGroup;
			children = (
				C0A66BB12982C6A900C9A497 /* MaterialTextFieldViewModel.swift */,
				C0A66B0529800B7900C9A497 /* MaterialTextField.swift */,
				C01A2B0729C477600091D5E8 /* MeterialTextForm.swift */,
			);
			path = MaterialTextField;
			sourceTree = "<group>";
		};
		C0B64049299E71B9005E86D8 /* ScrollFloater */ = {
			isa = PBXGroup;
			children = (
				C0CF897E299D576A00B6B668 /* ScrollTrial.swift */,
				C0B64047299E71B2005E86D8 /* FloatingBookButton.swift */,
				C0B6406E299F7F2E005E86D8 /* FloatingScrollModifier.swift */,
				C079C2D929A106320010C206 /* FloatingButtonScrollView.swift */,
			);
			path = ScrollFloater;
			sourceTree = "<group>";
		};
		C0E7B6D2294884B500FC19C3 /* RefreshControlList */ = {
			isa = PBXGroup;
			children = (
				C055E29D274BC85500DABBE4 /* PLTripListView.swift */,
				C055E28F274BA0FD00DABBE4 /* PLTripRefreshableView.swift */,
			);
			path = RefreshControlList;
			sourceTree = "<group>";
		};
		C0E7B6D32949896C00FC19C3 /* Gesture */ = {
			isa = PBXGroup;
			children = (
				C0E7B6D42949898B00FC19C3 /* GesturesUIKit.swift */,
				C0E7B6D629498C4E00FC19C3 /* GestureRepresentableVC.swift */,
			);
			path = Gesture;
			sourceTree = "<group>";
		};
/* End PBXGroup section */

/* Begin PBXNativeTarget section */
		C055E261274BA0C400DABBE4 /* SamplingSwiftUI */ = {
			isa = PBXNativeTarget;
			buildConfigurationList = C055E286274BA0C800DABBE4 /* Build configuration list for PBXNativeTarget "SamplingSwiftUI" */;
			buildPhases = (
				C055E25E274BA0C400DABBE4 /* Sources */,
				C055E25F274BA0C400DABBE4 /* Frameworks */,
				C055E260274BA0C400DABBE4 /* Resources */,
			);
			buildRules = (
			);
			dependencies = (
			);
			name = SamplingSwiftUI;
			productName = SamplingSwiftUI;
			productReference = C055E262274BA0C400DABBE4 /* SamplingSwiftUI.app */;
			productType = "com.apple.product-type.application";
		};
		C055E271274BA0C800DABBE4 /* SamplingSwiftUITests */ = {
			isa = PBXNativeTarget;
			buildConfigurationList = C055E289274BA0C800DABBE4 /* Build configuration list for PBXNativeTarget "SamplingSwiftUITests" */;
			buildPhases = (
				C055E26E274BA0C800DABBE4 /* Sources */,
				C055E26F274BA0C800DABBE4 /* Frameworks */,
				C055E270274BA0C800DABBE4 /* Resources */,
			);
			buildRules = (
			);
			dependencies = (
				C055E274274BA0C800DABBE4 /* PBXTargetDependency */,
			);
			name = SamplingSwiftUITests;
			productName = SamplingSwiftUITests;
			productReference = C055E272274BA0C800DABBE4 /* SamplingSwiftUITests.xctest */;
			productType = "com.apple.product-type.bundle.unit-test";
		};
		C055E27B274BA0C800DABBE4 /* SamplingSwiftUIUITests */ = {
			isa = PBXNativeTarget;
			buildConfigurationList = C055E28C274BA0C800DABBE4 /* Build configuration list for PBXNativeTarget "SamplingSwiftUIUITests" */;
			buildPhases = (
				C055E278274BA0C800DABBE4 /* Sources */,
				C055E279274BA0C800DABBE4 /* Frameworks */,
				C055E27A274BA0C800DABBE4 /* Resources */,
			);
			buildRules = (
			);
			dependencies = (
				C055E27E274BA0C800DABBE4 /* PBXTargetDependency */,
			);
			name = SamplingSwiftUIUITests;
			productName = SamplingSwiftUIUITests;
			productReference = C055E27C274BA0C800DABBE4 /* SamplingSwiftUIUITests.xctest */;
			productType = "com.apple.product-type.bundle.ui-testing";
		};
/* End PBXNativeTarget section */

/* Begin PBXProject section */
		C055E25A274BA0C400DABBE4 /* Project object */ = {
			isa = PBXProject;
			attributes = {
				BuildIndependentTargetsInParallel = 1;
				LastSwiftUpdateCheck = 1310;
				LastUpgradeCheck = 1310;
				TargetAttributes = {
					C055E261274BA0C400DABBE4 = {
						CreatedOnToolsVersion = 13.1;
					};
					C055E271274BA0C800DABBE4 = {
						CreatedOnToolsVersion = 13.1;
						TestTargetID = C055E261274BA0C400DABBE4;
					};
					C055E27B274BA0C800DABBE4 = {
						CreatedOnToolsVersion = 13.1;
						TestTargetID = C055E261274BA0C400DABBE4;
					};
				};
			};
			buildConfigurationList = C055E25D274BA0C400DABBE4 /* Build configuration list for PBXProject "SamplingSwiftUI" */;
			compatibilityVersion = "Xcode 13.0";
			developmentRegion = en;
			hasScannedForEncodings = 0;
			knownRegions = (
				en,
				Base,
			);
			mainGroup = C055E259274BA0C400DABBE4;
			productRefGroup = C055E263274BA0C400DABBE4 /* Products */;
			projectDirPath = "";
			projectRoot = "";
			targets = (
				C055E261274BA0C400DABBE4 /* SamplingSwiftUI */,
				C055E271274BA0C800DABBE4 /* SamplingSwiftUITests */,
				C055E27B274BA0C800DABBE4 /* SamplingSwiftUIUITests */,
			);
		};
/* End PBXProject section */

/* Begin PBXResourcesBuildPhase section */
		C055E260274BA0C400DABBE4 /* Resources */ = {
			isa = PBXResourcesBuildPhase;
			buildActionMask = 2147483647;
			files = (
				C055E26D274BA0C800DABBE4 /* Preview Assets.xcassets in Resources */,
				C055E26A274BA0C800DABBE4 /* Assets.xcassets in Resources */,
			);
			runOnlyForDeploymentPostprocessing = 0;
		};
		C055E270274BA0C800DABBE4 /* Resources */ = {
			isa = PBXResourcesBuildPhase;
			buildActionMask = 2147483647;
			files = (
			);
			runOnlyForDeploymentPostprocessing = 0;
		};
		C055E27A274BA0C800DABBE4 /* Resources */ = {
			isa = PBXResourcesBuildPhase;
			buildActionMask = 2147483647;
			files = (
			);
			runOnlyForDeploymentPostprocessing = 0;
		};
/* End PBXResourcesBuildPhase section */

/* Begin PBXSourcesBuildPhase section */
		C055E25E274BA0C400DABBE4 /* Sources */ = {
			isa = PBXSourcesBuildPhase;
			buildActionMask = 2147483647;
			files = (
				C0A66B0629800B7900C9A497 /* MaterialTextField.swift in Sources */,
				C055E268274BA0C400DABBE4 /* AllSamplesView.swift in Sources */,
				C0E7B6D02948848900FC19C3 /* TrialItem.swift in Sources */,
				C0B6409F299FB609005E86D8 /* CoordinateSpaceFrameProvider.swift in Sources */,
				C0B64048299E71B2005E86D8 /* FloatingBookButton.swift in Sources */,
				C055E266274BA0C400DABBE4 /* SamplingSwiftUIApp.swift in Sources */,
				C0848D0429F55F6800B5FBFF /* InjectableTextViewModel.swift in Sources */,
				C0B6406D299F5B0F005E86D8 /* ColorUtil.swift in Sources */,
				C0E7B6D729498C4E00FC19C3 /* GestureRepresentableVC.swift in Sources */,
				C0890BF129F1477B00C006F9 /* MDParseable.swift in Sources */,
				C0E7B6D52949898B00FC19C3 /* GesturesUIKit.swift in Sources */,
				C01A2B0829C477600091D5E8 /* MeterialTextForm.swift in Sources */,
				C0A66BB22982C6A900C9A497 /* MaterialTextFieldViewModel.swift in Sources */,
				C0848CCA29F263DD00B5FBFF /* MDToken.swift in Sources */,
				C0E7B6CE2948826300FC19C3 /* DetailView.swift in Sources */,
				C0848D0129F55F4900B5FBFF /* InjectableTextView.swift in Sources */,
				C055E290274BA0FD00DABBE4 /* PLTripRefreshableView.swift in Sources */,
				C0B6406F299F7F2E005E86D8 /* FloatingScrollModifier.swift in Sources */,
				C079C2DA29A106320010C206 /* FloatingButtonScrollView.swift in Sources */,
				C01A2AE229C38B690091D5E8 /* AttributedLabel.swift in Sources */,
				C055E29E274BC85500DABBE4 /* PLTripListView.swift in Sources */,
				C094A1F3296F271200B1876B /* SwitchRowView.swift in Sources */,
				C0CF897F299D576A00B6B668 /* ScrollTrial.swift in Sources */,
			);
			runOnlyForDeploymentPostprocessing = 0;
		};
		C055E26E274BA0C800DABBE4 /* Sources */ = {
			isa = PBXSourcesBuildPhase;
			buildActionMask = 2147483647;
			files = (
				C055E277274BA0C800DABBE4 /* SamplingSwiftUITests.swift in Sources */,
				C0890C1529F15DA100C006F9 /* MDParsingTests.swift in Sources */,
			);
			runOnlyForDeploymentPostprocessing = 0;
		};
		C055E278274BA0C800DABBE4 /* Sources */ = {
			isa = PBXSourcesBuildPhase;
			buildActionMask = 2147483647;
			files = (
				C055E281274BA0C800DABBE4 /* SamplingSwiftUIUITests.swift in Sources */,
				C055E283274BA0C800DABBE4 /* SamplingSwiftUIUITestsLaunchTests.swift in Sources */,
			);
			runOnlyForDeploymentPostprocessing = 0;
		};
/* End PBXSourcesBuildPhase section */

/* Begin PBXTargetDependency section */
		C055E274274BA0C800DABBE4 /* PBXTargetDependency */ = {
			isa = PBXTargetDependency;
			target = C055E261274BA0C400DABBE4 /* SamplingSwiftUI */;
			targetProxy = C055E273274BA0C800DABBE4 /* PBXContainerItemProxy */;
		};
		C055E27E274BA0C800DABBE4 /* PBXTargetDependency */ = {
			isa = PBXTargetDependency;
			target = C055E261274BA0C400DABBE4 /* SamplingSwiftUI */;
			targetProxy = C055E27D274BA0C800DABBE4 /* PBXContainerItemProxy */;
		};
/* End PBXTargetDependency section */

/* Begin XCBuildConfiguration section */
		C055E284274BA0C800DABBE4 /* Debug */ = {
			isa = XCBuildConfiguration;
			buildSettings = {
				ALWAYS_SEARCH_USER_PATHS = NO;
				CLANG_ANALYZER_NONNULL = YES;
				CLANG_ANALYZER_NUMBER_OBJECT_CONVERSION = YES_AGGRESSIVE;
				CLANG_CXX_LANGUAGE_STANDARD = "gnu++17";
				CLANG_CXX_LIBRARY = "libc++";
				CLANG_ENABLE_MODULES = YES;
				CLANG_ENABLE_OBJC_ARC = YES;
				CLANG_ENABLE_OBJC_WEAK = YES;
				CLANG_WARN_BLOCK_CAPTURE_AUTORELEASING = YES;
				CLANG_WARN_BOOL_CONVERSION = YES;
				CLANG_WARN_COMMA = YES;
				CLANG_WARN_CONSTANT_CONVERSION = YES;
				CLANG_WARN_DEPRECATED_OBJC_IMPLEMENTATIONS = YES;
				CLANG_WARN_DIRECT_OBJC_ISA_USAGE = YES_ERROR;
				CLANG_WARN_DOCUMENTATION_COMMENTS = YES;
				CLANG_WARN_EMPTY_BODY = YES;
				CLANG_WARN_ENUM_CONVERSION = YES;
				CLANG_WARN_INFINITE_RECURSION = YES;
				CLANG_WARN_INT_CONVERSION = YES;
				CLANG_WARN_NON_LITERAL_NULL_CONVERSION = YES;
				CLANG_WARN_OBJC_IMPLICIT_RETAIN_SELF = YES;
				CLANG_WARN_OBJC_LITERAL_CONVERSION = YES;
				CLANG_WARN_OBJC_ROOT_CLASS = YES_ERROR;
				CLANG_WARN_QUOTED_INCLUDE_IN_FRAMEWORK_HEADER = YES;
				CLANG_WARN_RANGE_LOOP_ANALYSIS = YES;
				CLANG_WARN_STRICT_PROTOTYPES = YES;
				CLANG_WARN_SUSPICIOUS_MOVE = YES;
				CLANG_WARN_UNGUARDED_AVAILABILITY = YES_AGGRESSIVE;
				CLANG_WARN_UNREACHABLE_CODE = YES;
				CLANG_WARN__DUPLICATE_METHOD_MATCH = YES;
				COPY_PHASE_STRIP = NO;
				DEBUG_INFORMATION_FORMAT = dwarf;
				ENABLE_STRICT_OBJC_MSGSEND = YES;
				ENABLE_TESTABILITY = YES;
				GCC_C_LANGUAGE_STANDARD = gnu11;
				GCC_DYNAMIC_NO_PIC = NO;
				GCC_NO_COMMON_BLOCKS = YES;
				GCC_OPTIMIZATION_LEVEL = 0;
				GCC_PREPROCESSOR_DEFINITIONS = (
					"DEBUG=1",
					"$(inherited)",
				);
				GCC_WARN_64_TO_32_BIT_CONVERSION = YES;
				GCC_WARN_ABOUT_RETURN_TYPE = YES_ERROR;
				GCC_WARN_UNDECLARED_SELECTOR = YES;
				GCC_WARN_UNINITIALIZED_AUTOS = YES_AGGRESSIVE;
				GCC_WARN_UNUSED_FUNCTION = YES;
				GCC_WARN_UNUSED_VARIABLE = YES;
				IPHONEOS_DEPLOYMENT_TARGET = 15.0;
				MTL_ENABLE_DEBUG_INFO = INCLUDE_SOURCE;
				MTL_FAST_MATH = YES;
				ONLY_ACTIVE_ARCH = YES;
				SDKROOT = iphoneos;
				SWIFT_ACTIVE_COMPILATION_CONDITIONS = DEBUG;
				SWIFT_OPTIMIZATION_LEVEL = "-Onone";
			};
			name = Debug;
		};
		C055E285274BA0C800DABBE4 /* Release */ = {
			isa = XCBuildConfiguration;
			buildSettings = {
				ALWAYS_SEARCH_USER_PATHS = NO;
				CLANG_ANALYZER_NONNULL = YES;
				CLANG_ANALYZER_NUMBER_OBJECT_CONVERSION = YES_AGGRESSIVE;
				CLANG_CXX_LANGUAGE_STANDARD = "gnu++17";
				CLANG_CXX_LIBRARY = "libc++";
				CLANG_ENABLE_MODULES = YES;
				CLANG_ENABLE_OBJC_ARC = YES;
				CLANG_ENABLE_OBJC_WEAK = YES;
				CLANG_WARN_BLOCK_CAPTURE_AUTORELEASING = YES;
				CLANG_WARN_BOOL_CONVERSION = YES;
				CLANG_WARN_COMMA = YES;
				CLANG_WARN_CONSTANT_CONVERSION = YES;
				CLANG_WARN_DEPRECATED_OBJC_IMPLEMENTATIONS = YES;
				CLANG_WARN_DIRECT_OBJC_ISA_USAGE = YES_ERROR;
				CLANG_WARN_DOCUMENTATION_COMMENTS = YES;
				CLANG_WARN_EMPTY_BODY = YES;
				CLANG_WARN_ENUM_CONVERSION = YES;
				CLANG_WARN_INFINITE_RECURSION = YES;
				CLANG_WARN_INT_CONVERSION = YES;
				CLANG_WARN_NON_LITERAL_NULL_CONVERSION = YES;
				CLANG_WARN_OBJC_IMPLICIT_RETAIN_SELF = YES;
				CLANG_WARN_OBJC_LITERAL_CONVERSION = YES;
				CLANG_WARN_OBJC_ROOT_CLASS = YES_ERROR;
				CLANG_WARN_QUOTED_INCLUDE_IN_FRAMEWORK_HEADER = YES;
				CLANG_WARN_RANGE_LOOP_ANALYSIS = YES;
				CLANG_WARN_STRICT_PROTOTYPES = YES;
				CLANG_WARN_SUSPICIOUS_MOVE = YES;
				CLANG_WARN_UNGUARDED_AVAILABILITY = YES_AGGRESSIVE;
				CLANG_WARN_UNREACHABLE_CODE = YES;
				CLANG_WARN__DUPLICATE_METHOD_MATCH = YES;
				COPY_PHASE_STRIP = NO;
				DEBUG_INFORMATION_FORMAT = "dwarf-with-dsym";
				ENABLE_NS_ASSERTIONS = NO;
				ENABLE_STRICT_OBJC_MSGSEND = YES;
				GCC_C_LANGUAGE_STANDARD = gnu11;
				GCC_NO_COMMON_BLOCKS = YES;
				GCC_WARN_64_TO_32_BIT_CONVERSION = YES;
				GCC_WARN_ABOUT_RETURN_TYPE = YES_ERROR;
				GCC_WARN_UNDECLARED_SELECTOR = YES;
				GCC_WARN_UNINITIALIZED_AUTOS = YES_AGGRESSIVE;
				GCC_WARN_UNUSED_FUNCTION = YES;
				GCC_WARN_UNUSED_VARIABLE = YES;
				IPHONEOS_DEPLOYMENT_TARGET = 15.0;
				MTL_ENABLE_DEBUG_INFO = NO;
				MTL_FAST_MATH = YES;
				SDKROOT = iphoneos;
				SWIFT_COMPILATION_MODE = wholemodule;
				SWIFT_OPTIMIZATION_LEVEL = "-O";
				VALIDATE_PRODUCT = YES;
			};
			name = Release;
		};
		C055E287274BA0C800DABBE4 /* Debug */ = {
			isa = XCBuildConfiguration;
			buildSettings = {
				ASSETCATALOG_COMPILER_APPICON_NAME = AppIcon;
				ASSETCATALOG_COMPILER_GLOBAL_ACCENT_COLOR_NAME = AccentColor;
				CODE_SIGN_STYLE = Automatic;
				CURRENT_PROJECT_VERSION = 1;
				DEVELOPMENT_ASSET_PATHS = "\"SamplingSwiftUI/Preview Content\"";
				DEVELOPMENT_TEAM = 774AKCU6YJ;
				ENABLE_PREVIEWS = YES;
				GENERATE_INFOPLIST_FILE = YES;
				INFOPLIST_KEY_UIApplicationSceneManifest_Generation = YES;
				INFOPLIST_KEY_UIApplicationSupportsIndirectInputEvents = YES;
				INFOPLIST_KEY_UILaunchScreen_Generation = YES;
				INFOPLIST_KEY_UISupportedInterfaceOrientations_iPad = "UIInterfaceOrientationPortrait UIInterfaceOrientationPortraitUpsideDown UIInterfaceOrientationLandscapeLeft UIInterfaceOrientationLandscapeRight";
				INFOPLIST_KEY_UISupportedInterfaceOrientations_iPhone = "UIInterfaceOrientationPortrait UIInterfaceOrientationLandscapeLeft UIInterfaceOrientationLandscapeRight";
				IPHONEOS_DEPLOYMENT_TARGET = 15.0;
				LD_RUNPATH_SEARCH_PATHS = (
					"$(inherited)",
					"@executable_path/Frameworks",
				);
				MARKETING_VERSION = 1.0;
				PRODUCT_BUNDLE_IDENTIFIER = com.priceline.SamplingSwiftUI;
				PRODUCT_NAME = "$(TARGET_NAME)";
				SWIFT_EMIT_LOC_STRINGS = YES;
				SWIFT_VERSION = 5.0;
				TARGETED_DEVICE_FAMILY = "1,2";
			};
			name = Debug;
		};
		C055E288274BA0C800DABBE4 /* Release */ = {
			isa = XCBuildConfiguration;
			buildSettings = {
				ASSETCATALOG_COMPILER_APPICON_NAME = AppIcon;
				ASSETCATALOG_COMPILER_GLOBAL_ACCENT_COLOR_NAME = AccentColor;
				CODE_SIGN_STYLE = Automatic;
				CURRENT_PROJECT_VERSION = 1;
				DEVELOPMENT_ASSET_PATHS = "\"SamplingSwiftUI/Preview Content\"";
				DEVELOPMENT_TEAM = 774AKCU6YJ;
				ENABLE_PREVIEWS = YES;
				GENERATE_INFOPLIST_FILE = YES;
				INFOPLIST_KEY_UIApplicationSceneManifest_Generation = YES;
				INFOPLIST_KEY_UIApplicationSupportsIndirectInputEvents = YES;
				INFOPLIST_KEY_UILaunchScreen_Generation = YES;
				INFOPLIST_KEY_UISupportedInterfaceOrientations_iPad = "UIInterfaceOrientationPortrait UIInterfaceOrientationPortraitUpsideDown UIInterfaceOrientationLandscapeLeft UIInterfaceOrientationLandscapeRight";
				INFOPLIST_KEY_UISupportedInterfaceOrientations_iPhone = "UIInterfaceOrientationPortrait UIInterfaceOrientationLandscapeLeft UIInterfaceOrientationLandscapeRight";
				IPHONEOS_DEPLOYMENT_TARGET = 15.0;
				LD_RUNPATH_SEARCH_PATHS = (
					"$(inherited)",
					"@executable_path/Frameworks",
				);
				MARKETING_VERSION = 1.0;
				PRODUCT_BUNDLE_IDENTIFIER = com.priceline.SamplingSwiftUI;
				PRODUCT_NAME = "$(TARGET_NAME)";
				SWIFT_EMIT_LOC_STRINGS = YES;
				SWIFT_VERSION = 5.0;
				TARGETED_DEVICE_FAMILY = "1,2";
			};
			name = Release;
		};
		C055E28A274BA0C800DABBE4 /* Debug */ = {
			isa = XCBuildConfiguration;
			buildSettings = {
				ALWAYS_EMBED_SWIFT_STANDARD_LIBRARIES = YES;
				BUNDLE_LOADER = "$(TEST_HOST)";
				CODE_SIGN_STYLE = Automatic;
				CURRENT_PROJECT_VERSION = 1;
				DEVELOPMENT_TEAM = 774AKCU6YJ;
				GENERATE_INFOPLIST_FILE = YES;
				IPHONEOS_DEPLOYMENT_TARGET = 15.0;
				LD_RUNPATH_SEARCH_PATHS = (
					"$(inherited)",
					"@executable_path/Frameworks",
					"@loader_path/Frameworks",
				);
				MARKETING_VERSION = 1.0;
				PRODUCT_BUNDLE_IDENTIFIER = com.priceline.SamplingSwiftUITests;
				PRODUCT_NAME = "$(TARGET_NAME)";
				SWIFT_EMIT_LOC_STRINGS = NO;
				SWIFT_VERSION = 5.0;
				TARGETED_DEVICE_FAMILY = "1,2";
				TEST_HOST = "$(BUILT_PRODUCTS_DIR)/SamplingSwiftUI.app/SamplingSwiftUI";
			};
			name = Debug;
		};
		C055E28B274BA0C800DABBE4 /* Release */ = {
			isa = XCBuildConfiguration;
			buildSettings = {
				ALWAYS_EMBED_SWIFT_STANDARD_LIBRARIES = YES;
				BUNDLE_LOADER = "$(TEST_HOST)";
				CODE_SIGN_STYLE = Automatic;
				CURRENT_PROJECT_VERSION = 1;
				DEVELOPMENT_TEAM = 774AKCU6YJ;
				GENERATE_INFOPLIST_FILE = YES;
				IPHONEOS_DEPLOYMENT_TARGET = 15.0;
				LD_RUNPATH_SEARCH_PATHS = (
					"$(inherited)",
					"@executable_path/Frameworks",
					"@loader_path/Frameworks",
				);
				MARKETING_VERSION = 1.0;
				PRODUCT_BUNDLE_IDENTIFIER = com.priceline.SamplingSwiftUITests;
				PRODUCT_NAME = "$(TARGET_NAME)";
				SWIFT_EMIT_LOC_STRINGS = NO;
				SWIFT_VERSION = 5.0;
				TARGETED_DEVICE_FAMILY = "1,2";
				TEST_HOST = "$(BUILT_PRODUCTS_DIR)/SamplingSwiftUI.app/SamplingSwiftUI";
			};
			name = Release;
		};
		C055E28D274BA0C800DABBE4 /* Debug */ = {
			isa = XCBuildConfiguration;
			buildSettings = {
				ALWAYS_EMBED_SWIFT_STANDARD_LIBRARIES = YES;
				CODE_SIGN_STYLE = Automatic;
				CURRENT_PROJECT_VERSION = 1;
				DEVELOPMENT_TEAM = 774AKCU6YJ;
				GENERATE_INFOPLIST_FILE = YES;
				LD_RUNPATH_SEARCH_PATHS = (
					"$(inherited)",
					"@executable_path/Frameworks",
					"@loader_path/Frameworks",
				);
				MARKETING_VERSION = 1.0;
				PRODUCT_BUNDLE_IDENTIFIER = com.priceline.SamplingSwiftUIUITests;
				PRODUCT_NAME = "$(TARGET_NAME)";
				SWIFT_EMIT_LOC_STRINGS = NO;
				SWIFT_VERSION = 5.0;
				TARGETED_DEVICE_FAMILY = "1,2";
				TEST_TARGET_NAME = SamplingSwiftUI;
			};
			name = Debug;
		};
		C055E28E274BA0C800DABBE4 /* Release */ = {
			isa = XCBuildConfiguration;
			buildSettings = {
				ALWAYS_EMBED_SWIFT_STANDARD_LIBRARIES = YES;
				CODE_SIGN_STYLE = Automatic;
				CURRENT_PROJECT_VERSION = 1;
				DEVELOPMENT_TEAM = 774AKCU6YJ;
				GENERATE_INFOPLIST_FILE = YES;
				LD_RUNPATH_SEARCH_PATHS = (
					"$(inherited)",
					"@executable_path/Frameworks",
					"@loader_path/Frameworks",
				);
				MARKETING_VERSION = 1.0;
				PRODUCT_BUNDLE_IDENTIFIER = com.priceline.SamplingSwiftUIUITests;
				PRODUCT_NAME = "$(TARGET_NAME)";
				SWIFT_EMIT_LOC_STRINGS = NO;
				SWIFT_VERSION = 5.0;
				TARGETED_DEVICE_FAMILY = "1,2";
				TEST_TARGET_NAME = SamplingSwiftUI;
			};
			name = Release;
		};
/* End XCBuildConfiguration section */

/* Begin XCConfigurationList section */
		C055E25D274BA0C400DABBE4 /* Build configuration list for PBXProject "SamplingSwiftUI" */ = {
			isa = XCConfigurationList;
			buildConfigurations = (
				C055E284274BA0C800DABBE4 /* Debug */,
				C055E285274BA0C800DABBE4 /* Release */,
			);
			defaultConfigurationIsVisible = 0;
			defaultConfigurationName = Release;
		};
		C055E286274BA0C800DABBE4 /* Build configuration list for PBXNativeTarget "SamplingSwiftUI" */ = {
			isa = XCConfigurationList;
			buildConfigurations = (
				C055E287274BA0C800DABBE4 /* Debug */,
				C055E288274BA0C800DABBE4 /* Release */,
			);
			defaultConfigurationIsVisible = 0;
			defaultConfigurationName = Release;
		};
		C055E289274BA0C800DABBE4 /* Build configuration list for PBXNativeTarget "SamplingSwiftUITests" */ = {
			isa = XCConfigurationList;
			buildConfigurations = (
				C055E28A274BA0C800DABBE4 /* Debug */,
				C055E28B274BA0C800DABBE4 /* Release */,
			);
			defaultConfigurationIsVisible = 0;
			defaultConfigurationName = Release;
		};
		C055E28C274BA0C800DABBE4 /* Build configuration list for PBXNativeTarget "SamplingSwiftUIUITests" */ = {
			isa = XCConfigurationList;
			buildConfigurations = (
				C055E28D274BA0C800DABBE4 /* Debug */,
				C055E28E274BA0C800DABBE4 /* Release */,
			);
			defaultConfigurationIsVisible = 0;
			defaultConfigurationName = Release;
		};
/* End XCConfigurationList section */
	};
	rootObject = C055E25A274BA0C400DABBE4 /* Project object */;
}
